
Microsoft Visual Studio Solution File, Format Version 12.00
# Visual Studio Version 16
VisualStudioVersion = 16.0.30717.126
MinimumVisualStudioVersion = 10.0.40219.1
Project("{9A19103F-16F7-4668-BE54-9A1E7A4F7556}") = "RabbitMQ.DependencyInjection", "RabbitMQ.DependencyInjection\RabbitMQ.DependencyInjection.csproj", "{A572397B-DE39-4876-BE4D-30B37B406F17}"
EndProject
Project("{2150E333-8FDC-42A3-9474-1A3956D46DE8}") = "Solution Items", "Solution Items", "{FF2B8A86-4F9B-471E-A08C-DE6DB4CDAF6E}"
	ProjectSection(SolutionItems) = preProject
		.gitignore = .gitignore
		docker-compose.yaml = docker-compose.yaml
		.github\workflows\dotnet.yml = .github\workflows\dotnet.yml
		LICENSE = LICENSE
		localenv.ps1 = localenv.ps1
		.github\workflows\nuget.yml = .github\workflows\nuget.yml
		README.md = README.md
	EndProjectSection
EndProject
Project("{9A19103F-16F7-4668-BE54-9A1E7A4F7556}") = "Sample", "Sample\Sample.csproj", "{18C125F9-9CA2-4CDB-8A46-F6C5FD5EBD57}"
EndProject
Project("{FAE04EC0-301F-11D3-BF4B-00C04F79EFBC}") = "SampleWeb", "SampleWeb\SampleWeb.csproj", "{E0085E02-C136-4237-BD56-57D117C5163F}"
EndProject
Global
	GlobalSection(SolutionConfigurationPlatforms) = preSolution
		Debug|Any CPU = Debug|Any CPU
		Release|Any CPU = Release|Any CPU
	EndGlobalSection
	GlobalSection(ProjectConfigurationPlatforms) = postSolution
		{A572397B-DE39-4876-BE4D-30B37B406F17}.Debug|Any CPU.ActiveCfg = Debug|Any CPU
		{A572397B-DE39-4876-BE4D-30B37B406F17}.Debug|Any CPU.Build.0 = Debug|Any CPU
		{A572397B-DE39-4876-BE4D-30B37B406F17}.Release|Any CPU.ActiveCfg = Release|Any CPU
		{A572397B-DE39-4876-BE4D-30B37B406F17}.Release|Any CPU.Build.0 = Release|Any CPU
		{18C125F9-9CA2-4CDB-8A46-F6C5FD5EBD57}.Debug|Any CPU.ActiveCfg = Debug|Any CPU
		{18C125F9-9CA2-4CDB-8A46-F6C5FD5EBD57}.Debug|Any CPU.Build.0 = Debug|Any CPU
		{18C125F9-9CA2-4CDB-8A46-F6C5FD5EBD57}.Release|Any CPU.ActiveCfg = Release|Any CPU
		{18C125F9-9CA2-4CDB-8A46-F6C5FD5EBD57}.Release|Any CPU.Build.0 = Release|Any CPU
		{E0085E02-C136-4237-BD56-57D117C5163F}.Debug|Any CPU.ActiveCfg = Debug|Any CPU
		{E0085E02-C136-4237-BD56-57D117C5163F}.Debug|Any CPU.Build.0 = Debug|Any CPU
		{E0085E02-C136-4237-BD56-57D117C5163F}.Release|Any CPU.ActiveCfg = Release|Any CPU
		{E0085E02-C136-4237-BD56-57D117C5163F}.Release|Any CPU.Build.0 = Release|Any CPU
	EndGlobalSection
	GlobalSection(SolutionProperties) = preSolution
		HideSolutionNode = FALSE
	EndGlobalSection
	GlobalSection(ExtensibilityGlobals) = postSolution
		SolutionGuid = {754CB80B-B846-48F7-A86D-C8699662517F}
	EndGlobalSection
EndGlobal
